{
  "name": "hastatakip.api",
  "version": "1.0.0",
  "lockfileVersion": 3,
  "requires": true,
  "packages": {
    "": {
      "name": "hastatakip.api",
      "version": "1.0.0",
      "license": "ISC",
      "dependencies": {
        "ceddcozum": "^0.2.2"
      }
    },
    "node_modules/ceddcozum": {
      "version": "0.2.2",
      "resolved": "https://registry.npmjs.org/ceddcozum/-/ceddcozum-0.2.2.tgz",
      "integrity": "sha512-eNC2FOQiE2ZKT1D4rSW+6xe/8mw7v6MueuVNyHylxpTG/scDhTTUpvspYOFkItqO269rzbU7gj98ECEPavwxTA==",
      "license": "Apache-2.0",
      "bin": {
        "ceddcozum": "dist/index.js",
        "childmetrics": "dist/index.js"
      }
    }
  }
}
